{
  "nodes": {
    "bitcoin-dev": {
      "inputs": {
        "flake-utils": "flake-utils",
        "nixpkgs": "nixpkgs"
      },
      "locked": {
        "lastModified": 1747766665,
        "narHash": "sha256-LQOFevt/UqMUBJ0dsT1BxGLnNfH5p8fvFIRj4isJRuE=",
        "owner": "bitcoin-dev-tools",
        "repo": "nix-dev-shell",
        "rev": "e818bec5087f28a4531a15f0772c6441d1dc2acc",
        "type": "github"
      },
      "original": {
        "owner": "bitcoin-dev-tools",
        "repo": "nix-dev-shell",
        "type": "github"
      }
    },
    "flake-utils": {
      "inputs": {
        "systems": "systems"
      },
      "locked": {
        "lastModified": 1731533236,
        "narHash": "sha256-l0KFg5HjrsfsO/JpG+r7fRrqm12kzFHyUHqHCVpMMbI=",
        "owner": "numtide",
        "repo": "flake-utils",
        "rev": "11707dc2f618dd54ca8739b309ec4fc024de578b",
        "type": "github"
      },
      "original": {
        "owner": "numtide",
        "repo": "flake-utils",
        "type": "github"
      }
    },
    "flake-utils_2": {
      "inputs": {
        "systems": "systems_2"
      },
      "locked": {
        "lastModified": 1731533236,
        "narHash": "sha256-l0KFg5HjrsfsO/JpG+r7fRrqm12kzFHyUHqHCVpMMbI=",
        "owner": "numtide",
        "repo": "flake-utils",
        "rev": "11707dc2f618dd54ca8739b309ec4fc024de578b",
        "type": "github"
      },
      "original": {
        "owner": "numtide",
        "repo": "flake-utils",
        "type": "github"
      }
    },
    "nixpkgs": {
      "locked": {
        "lastModified": 1747696584,
        "narHash": "sha256-TvJjbLlQ5aAHS3ZdP8mztNs28cMGWdT3J9g/6li3/4I=",
        "owner": "NixOS",
        "repo": "nixpkgs",
        "rev": "359c442b7d1f6229c1dc978116d32d6c07fe8440",
        "type": "github"
      },
      "original": {
        "owner": "NixOS",
        "ref": "nixpkgs-unstable",
        "repo": "nixpkgs",
        "type": "github"
      }
    },
    "nixpkgs_2": {
      "locked": {
        "lastModified": 1747744144,
        "narHash": "sha256-W7lqHp0qZiENCDwUZ5EX/lNhxjMdNapFnbErcbnP11Q=",
        "owner": "NixOS",
        "repo": "nixpkgs",
        "rev": "2795c506fe8fb7b03c36ccb51f75b6df0ab2553f",
        "type": "github"
      },
      "original": {
        "owner": "NixOS",
        "ref": "nixos-unstable",
        "repo": "nixpkgs",
        "type": "github"
      }
    },
    "root": {
      "inputs": {
        "bitcoin-dev": "bitcoin-dev",
        "flake-utils": "flake-utils_2",
        "nixpkgs": "nixpkgs_2",
        "rust-overlay": "rust-overlay"
      }
    },
    "rust-overlay": {
      "inputs": {
        "nixpkgs": [
          "nixpkgs"
        ]
      },
      "locked": {
        "lastModified": 1747795013,
        "narHash": "sha256-c7i0xJ+xFhgjO9SWHYu5dF/7lq63RPDvwKAdjc6VCE4=",
        "owner": "oxalica",
        "repo": "rust-overlay",
        "rev": "6b1cf12374361859242a562e1933a7930649131a",
        "type": "github"
      },
      "original": {
        "owner": "oxalica",
        "repo": "rust-overlay",
        "type": "github"
      }
    },
    "systems": {
      "locked": {
        "lastModified": 1681028828,
        "narHash": "sha256-Vy1rq5AaRuLzOxct8nz4T6wlgyUR7zLU309k9mBC768=",
        "owner": "nix-systems",
        "repo": "default",
        "rev": "da67096a3b9bf56a91d16901293e51ba5b49a27e",
        "type": "github"
      },
      "original": {
        "owner": "nix-systems",
        "repo": "default",
        "type": "github"
      }
    },
    "systems_2": {
      "locked": {
        "lastModified": 1681028828,
        "narHash": "sha256-Vy1rq5AaRuLzOxct8nz4T6wlgyUR7zLU309k9mBC768=",
        "owner": "nix-systems",
        "repo": "default",
        "rev": "da67096a3b9bf56a91d16901293e51ba5b49a27e",
        "type": "github"
      },
      "original": {
        "owner": "nix-systems",
        "repo": "default",
        "type": "github"
      }
    }
  },
  "root": "root",
  "version": 7
}
